// !$*UTF8*$!
{
	archiveVersion = 1;
	classes = {
	};
	objectVersion = 50;
	objects = {

/* Begin PBXBuildFile section */
		0A28A2F1259250D300AFDE2D /* ScrumdingerApp.swift in Sources */ = {isa = PBXBuildFile; fileRef = 0A28A2F0259250D300AFDE2D /* ScrumdingerApp.swift */; };
		0A28A2F3259250D300AFDE2D /* MeetingView.swift in Sources */ = {isa = PBXBuildFile; fileRef = 0A28A2F2259250D300AFDE2D /* MeetingView.swift */; };
		0A28A2F5259250D500AFDE2D /* Assets.xcassets in Resources */ = {isa = PBXBuildFile; fileRef = 0A28A2F4259250D500AFDE2D /* Assets.xcassets */; };
		0A28A2F8259250D500AFDE2D /* Preview Assets.xcassets in Resources */ = {isa = PBXBuildFile; fileRef = 0A28A2F7259250D500AFDE2D /* Preview Assets.xcassets */; };
		0A28A303259250D500AFDE2D /* ScrumdingerTests.swift in Sources */ = {isa = PBXBuildFile; fileRef = 0A28A302259250D500AFDE2D /* ScrumdingerTests.swift */; };
		0A28A30E259250D500AFDE2D /* ScrumdingerUITests.swift in Sources */ = {isa = PBXBuildFile; fileRef = 0A28A30D259250D500AFDE2D /* ScrumdingerUITests.swift */; };
		0A28A3232592572600AFDE2D /* DailyScrum.swift in Sources */ = {isa = PBXBuildFile; fileRef = 0A28A3222592572600AFDE2D /* DailyScrum.swift */; };
		0A28A32B259257C500AFDE2D /* CardView.swift in Sources */ = {isa = PBXBuildFile; fileRef = 0A28A32A259257C500AFDE2D /* CardView.swift */; };
		0A28A33425925BAF00AFDE2D /* Color+Codable.swift in Sources */ = {isa = PBXBuildFile; fileRef = 0A28A33325925BAF00AFDE2D /* Color+Codable.swift */; };
		0A28A33D25925F8200AFDE2D /* ScrumsView.swift in Sources */ = {isa = PBXBuildFile; fileRef = 0A28A33C25925F8200AFDE2D /* ScrumsView.swift */; };
		0A28A346259268A300AFDE2D /* DetailView.swift in Sources */ = {isa = PBXBuildFile; fileRef = 0A28A345259268A300AFDE2D /* DetailView.swift */; };
		0A28A34B2592706400AFDE2D /* EditView.swift in Sources */ = {isa = PBXBuildFile; fileRef = 0A28A34A2592706400AFDE2D /* EditView.swift */; };
		0A28A353259286F700AFDE2D /* MeetingHeaderView.swift in Sources */ = {isa = PBXBuildFile; fileRef = 0A28A352259286F700AFDE2D /* MeetingHeaderView.swift */; };
		0A28A3592592892500AFDE2D /* ScrumProgressViewStyle.swift in Sources */ = {isa = PBXBuildFile; fileRef = 0A28A3582592892500AFDE2D /* ScrumProgressViewStyle.swift */; };
		0A28A35E2592894000AFDE2D /* ScrumTimer.swift in Sources */ = {isa = PBXBuildFile; fileRef = 0A28A35D2592893F00AFDE2D /* ScrumTimer.swift */; };
		0A28A3632592894B00AFDE2D /* AVPlayer+Ding.swift in Sources */ = {isa = PBXBuildFile; fileRef = 0A28A3622592894B00AFDE2D /* AVPlayer+Ding.swift */; };
		0A28A3692592898100AFDE2D /* ding.wav in Resources */ = {isa = PBXBuildFile; fileRef = 0A28A3682592898100AFDE2D /* ding.wav */; };
		0ADCF8E82593453D0079C0C9 /* MeetingFooterView.swift in Sources */ = {isa = PBXBuildFile; fileRef = 0ADCF8E72593453D0079C0C9 /* MeetingFooterView.swift */; };
		0ADCF8EE25934C870079C0C9 /* History.swift in Sources */ = {isa = PBXBuildFile; fileRef = 0ADCF8ED25934C870079C0C9 /* History.swift */; };
		0ADCF8F4259350FF0079C0C9 /* ScrumData.swift in Sources */ = {isa = PBXBuildFile; fileRef = 0ADCF8F3259350FF0079C0C9 /* ScrumData.swift */; };
		0ADCF8FA259356D60079C0C9 /* MeetingTimerView.swift in Sources */ = {isa = PBXBuildFile; fileRef = 0ADCF8F9259356D60079C0C9 /* MeetingTimerView.swift */; };
		0ADCF90025935E570079C0C9 /* SpeechRecognizer.swift in Sources */ = {isa = PBXBuildFile; fileRef = 0ADCF8FF25935E570079C0C9 /* SpeechRecognizer.swift */; };
		0ADCF908259361600079C0C9 /* HistoryView.swift in Sources */ = {isa = PBXBuildFile; fileRef = 0ADCF907259361600079C0C9 /* HistoryView.swift */; };
/* End PBXBuildFile section */

/* Begin PBXContainerItemProxy section */
		0A28A2FF259250D500AFDE2D /* PBXContainerItemProxy */ = {
			isa = PBXContainerItemProxy;
			containerPortal = 0A28A2E5259250D300AFDE2D /* Project object */;
			proxyType = 1;
			remoteGlobalIDString = 0A28A2EC259250D300AFDE2D;
			remoteInfo = Scrumdinger;
		};
		0A28A30A259250D500AFDE2D /* PBXContainerItemProxy */ = {
			isa = PBXContainerItemProxy;
			containerPortal = 0A28A2E5259250D300AFDE2D /* Project object */;
			proxyType = 1;
			remoteGlobalIDString = 0A28A2EC259250D300AFDE2D;
			remoteInfo = Scrumdinger;
		};
/* End PBXContainerItemProxy section */

/* Begin PBXFileReference section */
		0A28A2ED259250D300AFDE2D /* Scrumdinger.app */ = {isa = PBXFileReference; explicitFileType = wrapper.application; includeInIndex = 0; path = Scrumdinger.app; sourceTree = BUILT_PRODUCTS_DIR; };
		0A28A2F0259250D300AFDE2D /* ScrumdingerApp.swift */ = {isa = PBXFileReference; lastKnownFileType = sourcecode.swift; path = ScrumdingerApp.swift; sourceTree = "<group>"; };
		0A28A2F2259250D300AFDE2D /* MeetingView.swift */ = {isa = PBXFileReference; lastKnownFileType = sourcecode.swift; path = MeetingView.swift; sourceTree = "<group>"; };
		0A28A2F4259250D500AFDE2D /* Assets.xcassets */ = {isa = PBXFileReference; lastKnownFileType = folder.assetcatalog; path = Assets.xcassets; sourceTree = "<group>"; };
		0A28A2F7259250D500AFDE2D /* Preview Assets.xcassets */ = {isa = PBXFileReference; lastKnownFileType = folder.assetcatalog; path = "Preview Assets.xcassets"; sourceTree = "<group>"; };
		0A28A2F9259250D500AFDE2D /* Info.plist */ = {isa = PBXFileReference; lastKnownFileType = text.plist.xml; path = Info.plist; sourceTree = "<group>"; };
		0A28A2FE259250D500AFDE2D /* ScrumdingerTests.xctest */ = {isa = PBXFileReference; explicitFileType = wrapper.cfbundle; includeInIndex = 0; path = ScrumdingerTests.xctest; sourceTree = BUILT_PRODUCTS_DIR; };
		0A28A302259250D500AFDE2D /* ScrumdingerTests.swift */ = {isa = PBXFileReference; lastKnownFileType = sourcecode.swift; path = ScrumdingerTests.swift; sourceTree = "<group>"; };
		0A28A304259250D500AFDE2D /* Info.plist */ = {isa = PBXFileReference; lastKnownFileType = text.plist.xml; path = Info.plist; sourceTree = "<group>"; };
		0A28A309259250D500AFDE2D /* ScrumdingerUITests.xctest */ = {isa = PBXFileReference; explicitFileType = wrapper.cfbundle; includeInIndex = 0; path = ScrumdingerUITests.xctest; sourceTree = BUILT_PRODUCTS_DIR; };
		0A28A30D259250D500AFDE2D /* ScrumdingerUITests.swift */ = {isa = PBXFileReference; lastKnownFileType = sourcecode.swift; path = ScrumdingerUITests.swift; sourceTree = "<group>"; };
		0A28A30F259250D500AFDE2D /* Info.plist */ = {isa = PBXFileReference; lastKnownFileType = text.plist.xml; path = Info.plist; sourceTree = "<group>"; };
		0A28A3222592572600AFDE2D /* DailyScrum.swift */ = {isa = PBXFileReference; lastKnownFileType = sourcecode.swift; path = DailyScrum.swift; sourceTree = "<group>"; };
		0A28A32A259257C500AFDE2D /* CardView.swift */ = {isa = PBXFileReference; lastKnownFileType = sourcecode.swift; path = CardView.swift; sourceTree = "<group>"; };
		0A28A33325925BAF00AFDE2D /* Color+Codable.swift */ = {isa = PBXFileReference; fileEncoding = 4; lastKnownFileType = sourcecode.swift; path = "Color+Codable.swift"; sourceTree = "<group>"; };
		0A28A33C25925F8200AFDE2D /* ScrumsView.swift */ = {isa = PBXFileReference; lastKnownFileType = sourcecode.swift; path = ScrumsView.swift; sourceTree = "<group>"; };
		0A28A345259268A300AFDE2D /* DetailView.swift */ = {isa = PBXFileReference; lastKnownFileType = sourcecode.swift; path = DetailView.swift; sourceTree = "<group>"; };
		0A28A34A2592706400AFDE2D /* EditView.swift */ = {isa = PBXFileReference; lastKnownFileType = sourcecode.swift; path = EditView.swift; sourceTree = "<group>"; };
		0A28A352259286F700AFDE2D /* MeetingHeaderView.swift */ = {isa = PBXFileReference; lastKnownFileType = sourcecode.swift; path = MeetingHeaderView.swift; sourceTree = "<group>"; };
		0A28A3582592892500AFDE2D /* ScrumProgressViewStyle.swift */ = {isa = PBXFileReference; fileEncoding = 4; lastKnownFileType = sourcecode.swift; path = ScrumProgressViewStyle.swift; sourceTree = "<group>"; };
		0A28A35D2592893F00AFDE2D /* ScrumTimer.swift */ = {isa = PBXFileReference; fileEncoding = 4; lastKnownFileType = sourcecode.swift; path = ScrumTimer.swift; sourceTree = "<group>"; };
		0A28A3622592894B00AFDE2D /* AVPlayer+Ding.swift */ = {isa = PBXFileReference; fileEncoding = 4; lastKnownFileType = sourcecode.swift; path = "AVPlayer+Ding.swift"; sourceTree = "<group>"; };
		0A28A3682592898100AFDE2D /* ding.wav */ = {isa = PBXFileReference; lastKnownFileType = audio.wav; path = ding.wav; sourceTree = "<group>"; };
		0ADCF8E72593453D0079C0C9 /* MeetingFooterView.swift */ = {isa = PBXFileReference; lastKnownFileType = sourcecode.swift; path = MeetingFooterView.swift; sourceTree = "<group>"; };
		0ADCF8ED25934C870079C0C9 /* History.swift */ = {isa = PBXFileReference; fileEncoding = 4; lastKnownFileType = sourcecode.swift; path = History.swift; sourceTree = "<group>"; };
		0ADCF8F3259350FF0079C0C9 /* ScrumData.swift */ = {isa = PBXFileReference; lastKnownFileType = sourcecode.swift; path = ScrumData.swift; sourceTree = "<group>"; };
		0ADCF8F9259356D60079C0C9 /* MeetingTimerView.swift */ = {isa = PBXFileReference; lastKnownFileType = sourcecode.swift; path = MeetingTimerView.swift; sourceTree = "<group>"; };
		0ADCF8FF25935E570079C0C9 /* SpeechRecognizer.swift */ = {isa = PBXFileReference; fileEncoding = 4; lastKnownFileType = sourcecode.swift; path = SpeechRecognizer.swift; sourceTree = "<group>"; };
		0ADCF907259361600079C0C9 /* HistoryView.swift */ = {isa = PBXFileReference; lastKnownFileType = sourcecode.swift; path = HistoryView.swift; sourceTree = "<group>"; };
/* End PBXFileReference section */

/* Begin PBXFrameworksBuildPhase section */
		0A28A2EA259250D300AFDE2D /* Frameworks */ = {
			isa = PBXFrameworksBuildPhase;
			buildActionMask = 2147483647;
			files = (
			);
			runOnlyForDeploymentPostprocessing = 0;
		};
		0A28A2FB259250D500AFDE2D /* Frameworks */ = {
			isa = PBXFrameworksBuildPhase;
			buildActionMask = 2147483647;
			files = (
			);
			runOnlyForDeploymentPostprocessing = 0;
		};
		0A28A306259250D500AFDE2D /* Frameworks */ = {
			isa = PBXFrameworksBuildPhase;
			buildActionMask = 2147483647;
			files = (
			);
			runOnlyForDeploymentPostprocessing = 0;
		};
/* End PBXFrameworksBuildPhase section */

/* Begin PBXGroup section */
		0A28A2E4259250D300AFDE2D = {
			isa = PBXGroup;
			children = (
				0A28A2EF259250D300AFDE2D /* Scrumdinger */,
				0A28A301259250D500AFDE2D /* ScrumdingerTests */,
				0A28A30C259250D500AFDE2D /* ScrumdingerUITests */,
				0A28A2EE259250D300AFDE2D /* Products */,
			);
			sourceTree = "<group>";
		};
		0A28A2EE259250D300AFDE2D /* Products */ = {
			isa = PBXGroup;
			children = (
				0A28A2ED259250D300AFDE2D /* Scrumdinger.app */,
				0A28A2FE259250D500AFDE2D /* ScrumdingerTests.xctest */,
				0A28A309259250D500AFDE2D /* ScrumdingerUITests.xctest */,
			);
			name = Products;
			sourceTree = "<group>";
		};
		0A28A2EF259250D300AFDE2D /* Scrumdinger */ = {
			isa = PBXGroup;
			children = (
				0A28A2F0259250D300AFDE2D /* ScrumdingerApp.swift */,
				0A28A3582592892500AFDE2D /* ScrumProgressViewStyle.swift */,
				0A28A3442592688600AFDE2D /* Views */,
				0A28A3212592570B00AFDE2D /* Models */,
				0A28A3672592896800AFDE2D /* Resources */,
				0A28A2F4259250D500AFDE2D /* Assets.xcassets */,
				0A28A2F9259250D500AFDE2D /* Info.plist */,
				0A28A2F6259250D500AFDE2D /* Preview Content */,
			);
			path = Scrumdinger;
			sourceTree = "<group>";
		};
		0A28A2F6259250D500AFDE2D /* Preview Content */ = {
			isa = PBXGroup;
			children = (
				0A28A2F7259250D500AFDE2D /* Preview Assets.xcassets */,
			);
			path = "Preview Content";
			sourceTree = "<group>";
		};
		0A28A301259250D500AFDE2D /* ScrumdingerTests */ = {
			isa = PBXGroup;
			children = (
				0A28A302259250D500AFDE2D /* ScrumdingerTests.swift */,
				0A28A304259250D500AFDE2D /* Info.plist */,
			);
			path = ScrumdingerTests;
			sourceTree = "<group>";
		};
		0A28A30C259250D500AFDE2D /* ScrumdingerUITests */ = {
			isa = PBXGroup;
			children = (
				0A28A30D259250D500AFDE2D /* ScrumdingerUITests.swift */,
				0A28A30F259250D500AFDE2D /* Info.plist */,
			);
			path = ScrumdingerUITests;
			sourceTree = "<group>";
		};
		0A28A3212592570B00AFDE2D /* Models */ = {
			isa = PBXGroup;
			children = (
				0A28A33325925BAF00AFDE2D /* Color+Codable.swift */,
				0A28A3222592572600AFDE2D /* DailyScrum.swift */,
				0A28A35D2592893F00AFDE2D /* ScrumTimer.swift */,
				0A28A3622592894B00AFDE2D /* AVPlayer+Ding.swift */,
				0ADCF8ED25934C870079C0C9 /* History.swift */,
				0ADCF8F3259350FF0079C0C9 /* ScrumData.swift */,
				0ADCF8FF25935E570079C0C9 /* SpeechRecognizer.swift */,
			);
			path = Models;
			sourceTree = "<group>";
		};
		0A28A3442592688600AFDE2D /* Views */ = {
			isa = PBXGroup;
			children = (
				0A28A33C25925F8200AFDE2D /* ScrumsView.swift */,
				0A28A32A259257C500AFDE2D /* CardView.swift */,
				0A28A2F2259250D300AFDE2D /* MeetingView.swift */,
				0A28A345259268A300AFDE2D /* DetailView.swift */,
				0A28A34A2592706400AFDE2D /* EditView.swift */,
				0A28A352259286F700AFDE2D /* MeetingHeaderView.swift */,
				0ADCF8E72593453D0079C0C9 /* MeetingFooterView.swift */,
				0ADCF8F9259356D60079C0C9 /* MeetingTimerView.swift */,
				0ADCF907259361600079C0C9 /* HistoryView.swift */,
			);
			path = Views;
			sourceTree = "<group>";
		};
		0A28A3672592896800AFDE2D /* Resources */ = {
			isa = PBXGroup;
			children = (
				0A28A3682592898100AFDE2D /* ding.wav */,
			);
			path = Resources;
			sourceTree = "<group>";
		};
/* End PBXGroup section */

/* Begin PBXNativeTarget section */
		0A28A2EC259250D300AFDE2D /* Scrumdinger */ = {
			isa = PBXNativeTarget;
			buildConfigurationList = 0A28A312259250D500AFDE2D /* Build configuration list for PBXNativeTarget "Scrumdinger" */;
			buildPhases = (
				0A28A2E9259250D300AFDE2D /* Sources */,
				0A28A2EA259250D300AFDE2D /* Frameworks */,
				0A28A2EB259250D300AFDE2D /* Resources */,
			);
			buildRules = (
			);
			dependencies = (
			);
			name = Scrumdinger;
			productName = Scrumdinger;
			productReference = 0A28A2ED259250D300AFDE2D /* Scrumdinger.app */;
			productType = "com.apple.product-type.application";
		};
		0A28A2FD259250D500AFDE2D /* ScrumdingerTests */ = {
			isa = PBXNativeTarget;
			buildConfigurationList = 0A28A315259250D500AFDE2D /* Build configuration list for PBXNativeTarget "ScrumdingerTests" */;
			buildPhases = (
				0A28A2FA259250D500AFDE2D /* Sources */,
				0A28A2FB259250D500AFDE2D /* Frameworks */,
				0A28A2FC259250D500AFDE2D /* Resources */,
			);
			buildRules = (
			);
			dependencies = (
				0A28A300259250D500AFDE2D /* PBXTargetDependency */,
			);
			name = ScrumdingerTests;
			productName = ScrumdingerTests;
			productReference = 0A28A2FE259250D500AFDE2D /* ScrumdingerTests.xctest */;
			productType = "com.apple.product-type.bundle.unit-test";
		};
		0A28A308259250D500AFDE2D /* ScrumdingerUITests */ = {
			isa = PBXNativeTarget;
			buildConfigurationList = 0A28A318259250D500AFDE2D /* Build configuration list for PBXNativeTarget "ScrumdingerUITests" */;
			buildPhases = (
				0A28A305259250D500AFDE2D /* Sources */,
				0A28A306259250D500AFDE2D /* Frameworks */,
				0A28A307259250D500AFDE2D /* Resources */,
			);
			buildRules = (
			);
			dependencies = (
				0A28A30B259250D500AFDE2D /* PBXTargetDependency */,
			);
			name = ScrumdingerUITests;
			productName = ScrumdingerUITests;
			productReference = 0A28A309259250D500AFDE2D /* ScrumdingerUITests.xctest */;
			productType = "com.apple.product-type.bundle.ui-testing";
		};
/* End PBXNativeTarget section */

/* Begin PBXProject section */
		0A28A2E5259250D300AFDE2D /* Project object */ = {
			isa = PBXProject;
			attributes = {
				LastSwiftUpdateCheck = 1230;
				LastUpgradeCheck = 1230;
				TargetAttributes = {
					0A28A2EC259250D300AFDE2D = {
						CreatedOnToolsVersion = 12.3;
					};
					0A28A2FD259250D500AFDE2D = {
						CreatedOnToolsVersion = 12.3;
						TestTargetID = 0A28A2EC259250D300AFDE2D;
					};
					0A28A308259250D500AFDE2D = {
						CreatedOnToolsVersion = 12.3;
						TestTargetID = 0A28A2EC259250D300AFDE2D;
					};
				};
			};
			buildConfigurationList = 0A28A2E8259250D300AFDE2D /* Build configuration list for PBXProject "Scrumdinger" */;
			compatibilityVersion = "Xcode 9.3";
			developmentRegion = en;
			hasScannedForEncodings = 0;
			knownRegions = (
				en,
				Base,
			);
			mainGroup = 0A28A2E4259250D300AFDE2D;
			productRefGroup = 0A28A2EE259250D300AFDE2D /* Products */;
			projectDirPath = "";
			projectRoot = "";
			targets = (
				0A28A2EC259250D300AFDE2D /* Scrumdinger */,
				0A28A2FD259250D500AFDE2D /* ScrumdingerTests */,
				0A28A308259250D500AFDE2D /* ScrumdingerUITests */,
			);
		};
/* End PBXProject section */

/* Begin PBXResourcesBuildPhase section */
		0A28A2EB259250D300AFDE2D /* Resources */ = {
			isa = PBXResourcesBuildPhase;
			buildActionMask = 2147483647;
			files = (
				0A28A3692592898100AFDE2D /* ding.wav in Resources */,
				0A28A2F8259250D500AFDE2D /* Preview Assets.xcassets in Resources */,
				0A28A2F5259250D500AFDE2D /* Assets.xcassets in Resources */,
			);
			runOnlyForDeploymentPostprocessing = 0;
		};
		0A28A2FC259250D500AFDE2D /* Resources */ = {
			isa = PBXResourcesBuildPhase;
			buildActionMask = 2147483647;
			files = (
			);
			runOnlyForDeploymentPostprocessing = 0;
		};
		0A28A307259250D500AFDE2D /* Resources */ = {
			isa = PBXResourcesBuildPhase;
			buildActionMask = 2147483647;
			files = (
			);
			runOnlyForDeploymentPostprocessing = 0;
		};
/* End PBXResourcesBuildPhase section */

/* Begin PBXSourcesBuildPhase section */
		0A28A2E9259250D300AFDE2D /* Sources */ = {
			isa = PBXSourcesBuildPhase;
			buildActionMask = 2147483647;
			files = (
				0A28A2F3259250D300AFDE2D /* MeetingView.swift in Sources */,
				0A28A33D25925F8200AFDE2D /* ScrumsView.swift in Sources */,
				0ADCF8EE25934C870079C0C9 /* History.swift in Sources */,
				0ADCF90025935E570079C0C9 /* SpeechRecognizer.swift in Sources */,
				0A28A34B2592706400AFDE2D /* EditView.swift in Sources */,
				0A28A353259286F700AFDE2D /* MeetingHeaderView.swift in Sources */,
				0ADCF8F4259350FF0079C0C9 /* ScrumData.swift in Sources */,
				0ADCF908259361600079C0C9 /* HistoryView.swift in Sources */,
				0ADCF8FA259356D60079C0C9 /* MeetingTimerView.swift in Sources */,
				0ADCF8E82593453D0079C0C9 /* MeetingFooterView.swift in Sources */,
				0A28A3232592572600AFDE2D /* DailyScrum.swift in Sources */,
				0A28A346259268A300AFDE2D /* DetailView.swift in Sources */,
				0A28A35E2592894000AFDE2D /* ScrumTimer.swift in Sources */,
				0A28A3632592894B00AFDE2D /* AVPlayer+Ding.swift in Sources */,
				0A28A32B259257C500AFDE2D /* CardView.swift in Sources */,
				0A28A33425925BAF00AFDE2D /* Color+Codable.swift in Sources */,
				0A28A3592592892500AFDE2D /* ScrumProgressViewStyle.swift in Sources */,
				0A28A2F1259250D300AFDE2D /* ScrumdingerApp.swift in Sources */,
			);
			runOnlyForDeploymentPostprocessing = 0;
		};
		0A28A2FA259250D500AFDE2D /* Sources */ = {
			isa = PBXSourcesBuildPhase;
			buildActionMask = 2147483647;
			files = (
				0A28A303259250D500AFDE2D /* ScrumdingerTests.swift in Sources */,
			);
			runOnlyForDeploymentPostprocessing = 0;
		};
		0A28A305259250D500AFDE2D /* Sources */ = {
			isa = PBXSourcesBuildPhase;
			buildActionMask = 2147483647;
			files = (
				0A28A30E259250D500AFDE2D /* ScrumdingerUITests.swift in Sources */,
			);
			runOnlyForDeploymentPostprocessing = 0;
		};
/* End PBXSourcesBuildPhase section */

/* Begin PBXTargetDependency section */
		0A28A300259250D500AFDE2D /* PBXTargetDependency */ = {
			isa = PBXTargetDependency;
			target = 0A28A2EC259250D300AFDE2D /* Scrumdinger */;
			targetProxy = 0A28A2FF259250D500AFDE2D /* PBXContainerItemProxy */;
		};
		0A28A30B259250D500AFDE2D /* PBXTargetDependency */ = {
			isa = PBXTargetDependency;
			target = 0A28A2EC259250D300AFDE2D /* Scrumdinger */;
			targetProxy = 0A28A30A259250D500AFDE2D /* PBXContainerItemProxy */;
		};
/* End PBXTargetDependency section */

/* Begin XCBuildConfiguration section */
		0A28A310259250D500AFDE2D /* Debug */ = {
			isa = XCBuildConfiguration;
			buildSettings = {
				ALWAYS_SEARCH_USER_PATHS = NO;
				CLANG_ANALYZER_NONNULL = YES;
				CLANG_ANALYZER_NUMBER_OBJECT_CONVERSION = YES_AGGRESSIVE;
				CLANG_CXX_LANGUAGE_STANDARD = "gnu++14";
				CLANG_CXX_LIBRARY = "libc++";
				CLANG_ENABLE_MODULES = YES;
				CLANG_ENABLE_OBJC_ARC = YES;
				CLANG_ENABLE_OBJC_WEAK = YES;
				CLANG_WARN_BLOCK_CAPTURE_AUTORELEASING = YES;
				CLANG_WARN_BOOL_CONVERSION = YES;
				CLANG_WARN_COMMA = YES;
				CLANG_WARN_CONSTANT_CONVERSION = YES;
				CLANG_WARN_DEPRECATED_OBJC_IMPLEMENTATIONS = YES;
				CLANG_WARN_DIRECT_OBJC_ISA_USAGE = YES_ERROR;
				CLANG_WARN_DOCUMENTATION_COMMENTS = YES;
				CLANG_WARN_EMPTY_BODY = YES;
				CLANG_WARN_ENUM_CONVERSION = YES;
				CLANG_WARN_INFINITE_RECURSION = YES;
				CLANG_WARN_INT_CONVERSION = YES;
				CLANG_WARN_NON_LITERAL_NULL_CONVERSION = YES;
				CLANG_WARN_OBJC_IMPLICIT_RETAIN_SELF = YES;
				CLANG_WARN_OBJC_LITERAL_CONVERSION = YES;
				CLANG_WARN_OBJC_ROOT_CLASS = YES_ERROR;
				CLANG_WARN_QUOTED_INCLUDE_IN_FRAMEWORK_HEADER = YES;
				CLANG_WARN_RANGE_LOOP_ANALYSIS = YES;
				CLANG_WARN_STRICT_PROTOTYPES = YES;
				CLANG_WARN_SUSPICIOUS_MOVE = YES;
				CLANG_WARN_UNGUARDED_AVAILABILITY = YES_AGGRESSIVE;
				CLANG_WARN_UNREACHABLE_CODE = YES;
				CLANG_WARN__DUPLICATE_METHOD_MATCH = YES;
				COPY_PHASE_STRIP = NO;
				DEBUG_INFORMATION_FORMAT = dwarf;
				ENABLE_STRICT_OBJC_MSGSEND = YES;
				ENABLE_TESTABILITY = YES;
				GCC_C_LANGUAGE_STANDARD = gnu11;
				GCC_DYNAMIC_NO_PIC = NO;
				GCC_NO_COMMON_BLOCKS = YES;
				GCC_OPTIMIZATION_LEVEL = 0;
				GCC_PREPROCESSOR_DEFINITIONS = (
					"DEBUG=1",
					"$(inherited)",
				);
				GCC_WARN_64_TO_32_BIT_CONVERSION = YES;
				GCC_WARN_ABOUT_RETURN_TYPE = YES_ERROR;
				GCC_WARN_UNDECLARED_SELECTOR = YES;
				GCC_WARN_UNINITIALIZED_AUTOS = YES_AGGRESSIVE;
				GCC_WARN_UNUSED_FUNCTION = YES;
				GCC_WARN_UNUSED_VARIABLE = YES;
				IPHONEOS_DEPLOYMENT_TARGET = 14.3;
				MTL_ENABLE_DEBUG_INFO = INCLUDE_SOURCE;
				MTL_FAST_MATH = YES;
				ONLY_ACTIVE_ARCH = YES;
				SDKROOT = iphoneos;
				SWIFT_ACTIVE_COMPILATION_CONDITIONS = DEBUG;
				SWIFT_OPTIMIZATION_LEVEL = "-Onone";
			};
			name = Debug;
		};
		0A28A311259250D500AFDE2D /* Release */ = {
			isa = XCBuildConfiguration;
			buildSettings = {
				ALWAYS_SEARCH_USER_PATHS = NO;
				CLANG_ANALYZER_NONNULL = YES;
				CLANG_ANALYZER_NUMBER_OBJECT_CONVERSION = YES_AGGRESSIVE;
				CLANG_CXX_LANGUAGE_STANDARD = "gnu++14";
				CLANG_CXX_LIBRARY = "libc++";
				CLANG_ENABLE_MODULES = YES;
				CLANG_ENABLE_OBJC_ARC = YES;
				CLANG_ENABLE_OBJC_WEAK = YES;
				CLANG_WARN_BLOCK_CAPTURE_AUTORELEASING = YES;
				CLANG_WARN_BOOL_CONVERSION = YES;
				CLANG_WARN_COMMA = YES;
				CLANG_WARN_CONSTANT_CONVERSION = YES;
				CLANG_WARN_DEPRECATED_OBJC_IMPLEMENTATIONS = YES;
				CLANG_WARN_DIRECT_OBJC_ISA_USAGE = YES_ERROR;
				CLANG_WARN_DOCUMENTATION_COMMENTS = YES;
				CLANG_WARN_EMPTY_BODY = YES;
				CLANG_WARN_ENUM_CONVERSION = YES;
				CLANG_WARN_INFINITE_RECURSION = YES;
				CLANG_WARN_INT_CONVERSION = YES;
				CLANG_WARN_NON_LITERAL_NULL_CONVERSION = YES;
				CLANG_WARN_OBJC_IMPLICIT_RETAIN_SELF = YES;
				CLANG_WARN_OBJC_LITERAL_CONVERSION = YES;
				CLANG_WARN_OBJC_ROOT_CLASS = YES_ERROR;
				CLANG_WARN_QUOTED_INCLUDE_IN_FRAMEWORK_HEADER = YES;
				CLANG_WARN_RANGE_LOOP_ANALYSIS = YES;
				CLANG_WARN_STRICT_PROTOTYPES = YES;
				CLANG_WARN_SUSPICIOUS_MOVE = YES;
				CLANG_WARN_UNGUARDED_AVAILABILITY = YES_AGGRESSIVE;
				CLANG_WARN_UNREACHABLE_CODE = YES;
				CLANG_WARN__DUPLICATE_METHOD_MATCH = YES;
				COPY_PHASE_STRIP = NO;
				DEBUG_INFORMATION_FORMAT = "dwarf-with-dsym";
				ENABLE_NS_ASSERTIONS = NO;
				ENABLE_STRICT_OBJC_MSGSEND = YES;
				GCC_C_LANGUAGE_STANDARD = gnu11;
				GCC_NO_COMMON_BLOCKS = YES;
				GCC_WARN_64_TO_32_BIT_CONVERSION = YES;
				GCC_WARN_ABOUT_RETURN_TYPE = YES_ERROR;
				GCC_WARN_UNDECLARED_SELECTOR = YES;
				GCC_WARN_UNINITIALIZED_AUTOS = YES_AGGRESSIVE;
				GCC_WARN_UNUSED_FUNCTION = YES;
				GCC_WARN_UNUSED_VARIABLE = YES;
				IPHONEOS_DEPLOYMENT_TARGET = 14.3;
				MTL_ENABLE_DEBUG_INFO = NO;
				MTL_FAST_MATH = YES;
				SDKROOT = iphoneos;
				SWIFT_COMPILATION_MODE = wholemodule;
				SWIFT_OPTIMIZATION_LEVEL = "-O";
				VALIDATE_PRODUCT = YES;
			};
			name = Release;
		};
		0A28A313259250D500AFDE2D /* Debug */ = {
			isa = XCBuildConfiguration;
			buildSettings = {
				ASSETCATALOG_COMPILER_APPICON_NAME = AppIcon;
				ASSETCATALOG_COMPILER_GLOBAL_ACCENT_COLOR_NAME = AccentColor;
				CODE_SIGN_STYLE = Automatic;
				DEVELOPMENT_ASSET_PATHS = "\"Scrumdinger/Preview Content\"";
				DEVELOPMENT_TEAM = CV5PJSAH7N;
				ENABLE_PREVIEWS = YES;
				INFOPLIST_FILE = Scrumdinger/Info.plist;
				IPHONEOS_DEPLOYMENT_TARGET = 14.0;
				LD_RUNPATH_SEARCH_PATHS = (
					"$(inherited)",
					"@executable_path/Frameworks",
				);
				PRODUCT_BUNDLE_IDENTIFIER = com.clusterdb.Scrumdinger;
				PRODUCT_NAME = "$(TARGET_NAME)";
				SWIFT_VERSION = 5.0;
				TARGETED_DEVICE_FAMILY = "1,2";
			};
			name = Debug;
		};
		0A28A314259250D500AFDE2D /* Release */ = {
			isa = XCBuildConfiguration;
			buildSettings = {
				ASSETCATALOG_COMPILER_APPICON_NAME = AppIcon;
				ASSETCATALOG_COMPILER_GLOBAL_ACCENT_COLOR_NAME = AccentColor;
				CODE_SIGN_STYLE = Automatic;
				DEVELOPMENT_ASSET_PATHS = "\"Scrumdinger/Preview Content\"";
				DEVELOPMENT_TEAM = CV5PJSAH7N;
				ENABLE_PREVIEWS = YES;
				INFOPLIST_FILE = Scrumdinger/Info.plist;
				IPHONEOS_DEPLOYMENT_TARGET = 14.0;
				LD_RUNPATH_SEARCH_PATHS = (
					"$(inherited)",
					"@executable_path/Frameworks",
				);
				PRODUCT_BUNDLE_IDENTIFIER = com.clusterdb.Scrumdinger;
				PRODUCT_NAME = "$(TARGET_NAME)";
				SWIFT_VERSION = 5.0;
				TARGETED_DEVICE_FAMILY = "1,2";
			};
			name = Release;
		};
		0A28A316259250D500AFDE2D /* Debug */ = {
			isa = XCBuildConfiguration;
			buildSettings = {
				ALWAYS_EMBED_SWIFT_STANDARD_LIBRARIES = YES;
				BUNDLE_LOADER = "$(TEST_HOST)";
				CODE_SIGN_STYLE = Automatic;
				DEVELOPMENT_TEAM = CV5PJSAH7N;
				INFOPLIST_FILE = ScrumdingerTests/Info.plist;
				IPHONEOS_DEPLOYMENT_TARGET = 14.0;
				LD_RUNPATH_SEARCH_PATHS = (
					"$(inherited)",
					"@executable_path/Frameworks",
					"@loader_path/Frameworks",
				);
				PRODUCT_BUNDLE_IDENTIFIER = com.clusterdb.ScrumdingerTests;
				PRODUCT_NAME = "$(TARGET_NAME)";
				SWIFT_VERSION = 5.0;
				TARGETED_DEVICE_FAMILY = "1,2";
				TEST_HOST = "$(BUILT_PRODUCTS_DIR)/Scrumdinger.app/Scrumdinger";
			};
			name = Debug;
		};
		0A28A317259250D500AFDE2D /* Release */ = {
			isa = XCBuildConfiguration;
			buildSettings = {
				ALWAYS_EMBED_SWIFT_STANDARD_LIBRARIES = YES;
				BUNDLE_LOADER = "$(TEST_HOST)";
				CODE_SIGN_STYLE = Automatic;
				DEVELOPMENT_TEAM = CV5PJSAH7N;
				INFOPLIST_FILE = ScrumdingerTests/Info.plist;
				IPHONEOS_DEPLOYMENT_TARGET = 14.0;
				LD_RUNPATH_SEARCH_PATHS = (
					"$(inherited)",
					"@executable_path/Frameworks",
					"@loader_path/Frameworks",
				);
				PRODUCT_BUNDLE_IDENTIFIER = com.clusterdb.ScrumdingerTests;
				PRODUCT_NAME = "$(TARGET_NAME)";
				SWIFT_VERSION = 5.0;
				TARGETED_DEVICE_FAMILY = "1,2";
				TEST_HOST = "$(BUILT_PRODUCTS_DIR)/Scrumdinger.app/Scrumdinger";
			};
			name = Release;
		};
		0A28A319259250D500AFDE2D /* Debug */ = {
			isa = XCBuildConfiguration;
			buildSettings = {
				ALWAYS_EMBED_SWIFT_STANDARD_LIBRARIES = YES;
				CODE_SIGN_STYLE = Automatic;
				DEVELOPMENT_TEAM = CV5PJSAH7N;
				INFOPLIST_FILE = ScrumdingerUITests/Info.plist;
				LD_RUNPATH_SEARCH_PATHS = (
					"$(inherited)",
					"@executable_path/Frameworks",
					"@loader_path/Frameworks",
				);
				PRODUCT_BUNDLE_IDENTIFIER = com.clusterdb.ScrumdingerUITests;
				PRODUCT_NAME = "$(TARGET_NAME)";
				SWIFT_VERSION = 5.0;
				TARGETED_DEVICE_FAMILY = "1,2";
				TEST_TARGET_NAME = Scrumdinger;
			};
			name = Debug;
		};
		0A28A31A259250D500AFDE2D /* Release */ = {
			isa = XCBuildConfiguration;
			buildSettings = {
				ALWAYS_EMBED_SWIFT_STANDARD_LIBRARIES = YES;
				CODE_SIGN_STYLE = Automatic;
				DEVELOPMENT_TEAM = CV5PJSAH7N;
				INFOPLIST_FILE = ScrumdingerUITests/Info.plist;
				LD_RUNPATH_SEARCH_PATHS = (
					"$(inherited)",
					"@executable_path/Frameworks",
					"@loader_path/Frameworks",
				);
				PRODUCT_BUNDLE_IDENTIFIER = com.clusterdb.ScrumdingerUITests;
				PRODUCT_NAME = "$(TARGET_NAME)";
				SWIFT_VERSION = 5.0;
				TARGETED_DEVICE_FAMILY = "1,2";
				TEST_TARGET_NAME = Scrumdinger;
			};
			name = Release;
		};
/* End XCBuildConfiguration section */

/* Begin XCConfigurationList section */
		0A28A2E8259250D300AFDE2D /* Build configuration list for PBXProject "Scrumdinger" */ = {
			isa = XCConfigurationList;
			buildConfigurations = (
				0A28A310259250D500AFDE2D /* Debug */,
				0A28A311259250D500AFDE2D /* Release */,
			);
			defaultConfigurationIsVisible = 0;
			defaultConfigurationName = Release;
		};
		0A28A312259250D500AFDE2D /* Build configuration list for PBXNativeTarget "Scrumdinger" */ = {
			isa = XCConfigurationList;
			buildConfigurations = (
				0A28A313259250D500AFDE2D /* Debug */,
				0A28A314259250D500AFDE2D /* Release */,
			);
			defaultConfigurationIsVisible = 0;
			defaultConfigurationName = Release;
		};
		0A28A315259250D500AFDE2D /* Build configuration list for PBXNativeTarget "ScrumdingerTests" */ = {
			isa = XCConfigurationList;
			buildConfigurations = (
				0A28A316259250D500AFDE2D /* Debug */,
				0A28A317259250D500AFDE2D /* Release */,
			);
			defaultConfigurationIsVisible = 0;
			defaultConfigurationName = Release;
		};
		0A28A318259250D500AFDE2D /* Build configuration list for PBXNativeTarget "ScrumdingerUITests" */ = {
			isa = XCConfigurationList;
			buildConfigurations = (
				0A28A319259250D500AFDE2D /* Debug */,
				0A28A31A259250D500AFDE2D /* Release */,
			);
			defaultConfigurationIsVisible = 0;
			defaultConfigurationName = Release;
		};
/* End XCConfigurationList section */
	};
	rootObject = 0A28A2E5259250D300AFDE2D /* Project object */;
}
